// !$*UTF8*$!
{
	archiveVersion = 1;
	classes = {
	};
	objectVersion = 55;
	objects = {

/* Begin PBXBuildFile section */
		CF51DD26281C603E008BA080 /* AppDelegate.swift in Sources */ = {isa = PBXBuildFile; fileRef = CF51DD25281C603E008BA080 /* AppDelegate.swift */; };
		CF51DD28281C603E008BA080 /* SceneDelegate.swift in Sources */ = {isa = PBXBuildFile; fileRef = CF51DD27281C603E008BA080 /* SceneDelegate.swift */; };
		CF51DD2A281C603E008BA080 /* ViewController.swift in Sources */ = {isa = PBXBuildFile; fileRef = CF51DD29281C603E008BA080 /* ViewController.swift */; };
		CF51DD2D281C603E008BA080 /* Main.storyboard in Resources */ = {isa = PBXBuildFile; fileRef = CF51DD2B281C603E008BA080 /* Main.storyboard */; };
		CF51DD2F281C603F008BA080 /* Assets.xcassets in Resources */ = {isa = PBXBuildFile; fileRef = CF51DD2E281C603F008BA080 /* Assets.xcassets */; };
		CF51DD32281C603F008BA080 /* LaunchScreen.storyboard in Resources */ = {isa = PBXBuildFile; fileRef = CF51DD30281C603F008BA080 /* LaunchScreen.storyboard */; };
		CF51DD70281C64E6008BA080 /* Venus.wav in Resources */ = {isa = PBXBuildFile; fileRef = CF51DD68281C64E6008BA080 /* Venus.wav */; };
		CF51DD71281C64E6008BA080 /* Earth.wav in Resources */ = {isa = PBXBuildFile; fileRef = CF51DD69281C64E6008BA080 /* Earth.wav */; };
		CF51DD72281C64E6008BA080 /* Neptune.wav in Resources */ = {isa = PBXBuildFile; fileRef = CF51DD6A281C64E6008BA080 /* Neptune.wav */; };
		CF51DD73281C64E6008BA080 /* Mercury.wav in Resources */ = {isa = PBXBuildFile; fileRef = CF51DD6B281C64E6008BA080 /* Mercury.wav */; };
		CF51DD74281C64E6008BA080 /* Saturn.wav in Resources */ = {isa = PBXBuildFile; fileRef = CF51DD6C281C64E6008BA080 /* Saturn.wav */; };
		CF51DD75281C64E6008BA080 /* Mars.wav in Resources */ = {isa = PBXBuildFile; fileRef = CF51DD6D281C64E6008BA080 /* Mars.wav */; };
		CF51DD76281C64E6008BA080 /* Jupiter.wav in Resources */ = {isa = PBXBuildFile; fileRef = CF51DD6E281C64E6008BA080 /* Jupiter.wav */; };
		CF51DD77281C64E6008BA080 /* Uranus.wav in Resources */ = {isa = PBXBuildFile; fileRef = CF51DD6F281C64E6008BA080 /* Uranus.wav */; };
/* End PBXBuildFile section */

/* Begin PBXContainerItemProxy section */
		CF51DD39281C603F008BA080 /* PBXContainerItemProxy */ = {
			isa = PBXContainerItemProxy;
			containerPortal = CF51DD1A281C603E008BA080 /* Project object */;
			proxyType = 1;
			remoteGlobalIDString = CF51DD21281C603E008BA080;
			remoteInfo = Xyloway;
		};
		CF51DD43281C603F008BA080 /* PBXContainerItemProxy */ = {
			isa = PBXContainerItemProxy;
			containerPortal = CF51DD1A281C603E008BA080 /* Project object */;
			proxyType = 1;
			remoteGlobalIDString = CF51DD21281C603E008BA080;
			remoteInfo = Xyloway;
		};
/* End PBXContainerItemProxy section */

/* Begin PBXFileReference section */
		CF51DD22281C603E008BA080 /* Xyloway.app */ = {isa = PBXFileReference; explicitFileType = wrapper.application; includeInIndex = 0; path = Xyloway.app; sourceTree = BUILT_PRODUCTS_DIR; };
		CF51DD25281C603E008BA080 /* AppDelegate.swift */ = {isa = PBXFileReference; lastKnownFileType = sourcecode.swift; path = AppDelegate.swift; sourceTree = "<group>"; };
		CF51DD27281C603E008BA080 /* SceneDelegate.swift */ = {isa = PBXFileReference; lastKnownFileType = sourcecode.swift; path = SceneDelegate.swift; sourceTree = "<group>"; };
		CF51DD29281C603E008BA080 /* ViewController.swift */ = {isa = PBXFileReference; lastKnownFileType = sourcecode.swift; path = ViewController.swift; sourceTree = "<group>"; };
		CF51DD2C281C603E008BA080 /* Base */ = {isa = PBXFileReference; lastKnownFileType = file.storyboard; name = Base; path = Base.lproj/Main.storyboard; sourceTree = "<group>"; };
		CF51DD2E281C603F008BA080 /* Assets.xcassets */ = {isa = PBXFileReference; lastKnownFileType = folder.assetcatalog; path = Assets.xcassets; sourceTree = "<group>"; };
		CF51DD31281C603F008BA080 /* Base */ = {isa = PBXFileReference; lastKnownFileType = file.storyboard; name = Base; path = Base.lproj/LaunchScreen.storyboard; sourceTree = "<group>"; };
		CF51DD33281C603F008BA080 /* Info.plist */ = {isa = PBXFileReference; lastKnownFileType = text.plist.xml; path = Info.plist; sourceTree = "<group>"; };
		CF51DD38281C603F008BA080 /* XylowayTests.xctest */ = {isa = PBXFileReference; explicitFileType = wrapper.cfbundle; includeInIndex = 0; path = XylowayTests.xctest; sourceTree = BUILT_PRODUCTS_DIR; };
		CF51DD42281C603F008BA080 /* XylowayUITests.xctest */ = {isa = PBXFileReference; explicitFileType = wrapper.cfbundle; includeInIndex = 0; path = XylowayUITests.xctest; sourceTree = BUILT_PRODUCTS_DIR; };
		CF51DD68281C64E6008BA080 /* Venus.wav */ = {isa = PBXFileReference; lastKnownFileType = audio.wav; name = Venus.wav; path = "Xyloway/Solar System/Venus.wav"; sourceTree = SOURCE_ROOT; };
		CF51DD69281C64E6008BA080 /* Earth.wav */ = {isa = PBXFileReference; lastKnownFileType = audio.wav; name = Earth.wav; path = "Xyloway/Solar System/Earth.wav"; sourceTree = SOURCE_ROOT; };
		CF51DD6A281C64E6008BA080 /* Neptune.wav */ = {isa = PBXFileReference; lastKnownFileType = audio.wav; name = Neptune.wav; path = "Xyloway/Solar System/Neptune.wav"; sourceTree = SOURCE_ROOT; };
		CF51DD6B281C64E6008BA080 /* Mercury.wav */ = {isa = PBXFileReference; lastKnownFileType = audio.wav; name = Mercury.wav; path = "Xyloway/Solar System/Mercury.wav"; sourceTree = SOURCE_ROOT; };
		CF51DD6C281C64E6008BA080 /* Saturn.wav */ = {isa = PBXFileReference; lastKnownFileType = audio.wav; name = Saturn.wav; path = "Xyloway/Solar System/Saturn.wav"; sourceTree = SOURCE_ROOT; };
		CF51DD6D281C64E6008BA080 /* Mars.wav */ = {isa = PBXFileReference; lastKnownFileType = audio.wav; name = Mars.wav; path = "Xyloway/Solar System/Mars.wav"; sourceTree = SOURCE_ROOT; };
		CF51DD6E281C64E6008BA080 /* Jupiter.wav */ = {isa = PBXFileReference; lastKnownFileType = audio.wav; name = Jupiter.wav; path = "Xyloway/Solar System/Jupiter.wav"; sourceTree = SOURCE_ROOT; };
		CF51DD6F281C64E6008BA080 /* Uranus.wav */ = {isa = PBXFileReference; lastKnownFileType = audio.wav; name = Uranus.wav; path = "Xyloway/Solar System/Uranus.wav"; sourceTree = SOURCE_ROOT; };
/* End PBXFileReference section */

/* Begin PBXFrameworksBuildPhase section */
		CF51DD1F281C603E008BA080 /* Frameworks */ = {
			isa = PBXFrameworksBuildPhase;
			buildActionMask = 2147483647;
			files = (
			);
			runOnlyForDeploymentPostprocessing = 0;
		};
		CF51DD35281C603F008BA080 /* Frameworks */ = {
			isa = PBXFrameworksBuildPhase;
			buildActionMask = 2147483647;
			files = (
			);
			runOnlyForDeploymentPostprocessing = 0;
		};
		CF51DD3F281C603F008BA080 /* Frameworks */ = {
			isa = PBXFrameworksBuildPhase;
			buildActionMask = 2147483647;
			files = (
			);
			runOnlyForDeploymentPostprocessing = 0;
		};
/* End PBXFrameworksBuildPhase section */

/* Begin PBXGroup section */
		CF51DD19281C603E008BA080 = {
			isa = PBXGroup;
			children = (
				CF51DD24281C603E008BA080 /* Xyloway */,
				CF51DD23281C603E008BA080 /* Products */,
			);
			sourceTree = "<group>";
		};
		CF51DD23281C603E008BA080 /* Products */ = {
			isa = PBXGroup;
			children = (
				CF51DD22281C603E008BA080 /* Xyloway.app */,
				CF51DD38281C603F008BA080 /* XylowayTests.xctest */,
				CF51DD42281C603F008BA080 /* XylowayUITests.xctest */,
			);
			name = Products;
			sourceTree = "<group>";
		};
		CF51DD24281C603E008BA080 /* Xyloway */ = {
			isa = PBXGroup;
			children = (
				CF51DD25281C603E008BA080 /* AppDelegate.swift */,
				CF51DD27281C603E008BA080 /* SceneDelegate.swift */,
				CF51DD56281C6070008BA080 /* Controller */,
				CF51DD55281C606A008BA080 /* View */,
				CF51DD67281C645D008BA080 /* Solar System */,
				CF51DD2E281C603F008BA080 /* Assets.xcassets */,
				CF51DD30281C603F008BA080 /* LaunchScreen.storyboard */,
				CF51DD33281C603F008BA080 /* Info.plist */,
			);
			path = Xyloway;
			sourceTree = "<group>";
		};
		CF51DD55281C606A008BA080 /* View */ = {
			isa = PBXGroup;
			children = (
				CF51DD2B281C603E008BA080 /* Main.storyboard */,
			);
			path = View;
			sourceTree = "<group>";
		};
		CF51DD56281C6070008BA080 /* Controller */ = {
			isa = PBXGroup;
			children = (
				CF51DD29281C603E008BA080 /* ViewController.swift */,
			);
			path = Controller;
			sourceTree = "<group>";
		};
		CF51DD67281C645D008BA080 /* Solar System */ = {
			isa = PBXGroup;
			children = (
				CF51DD6B281C64E6008BA080 /* Mercury.wav */,
				CF51DD68281C64E6008BA080 /* Venus.wav */,
				CF51DD69281C64E6008BA080 /* Earth.wav */,
				CF51DD6D281C64E6008BA080 /* Mars.wav */,
				CF51DD6E281C64E6008BA080 /* Jupiter.wav */,
				CF51DD6C281C64E6008BA080 /* Saturn.wav */,
				CF51DD6F281C64E6008BA080 /* Uranus.wav */,
				CF51DD6A281C64E6008BA080 /* Neptune.wav */,
			);
			path = "Solar System";
			sourceTree = "<group>";
		};
/* End PBXGroup section */

/* Begin PBXNativeTarget section */
		CF51DD21281C603E008BA080 /* Xyloway */ = {
			isa = PBXNativeTarget;
			buildConfigurationList = CF51DD4C281C603F008BA080 /* Build configuration list for PBXNativeTarget "Xyloway" */;
			buildPhases = (
				CF51DD1E281C603E008BA080 /* Sources */,
				CF51DD1F281C603E008BA080 /* Frameworks */,
				CF51DD20281C603E008BA080 /* Resources */,
			);
			buildRules = (
			);
			dependencies = (
			);
			name = Xyloway;
			productName = Xyloway;
			productReference = CF51DD22281C603E008BA080 /* Xyloway.app */;
			productType = "com.apple.product-type.application";
		};
		CF51DD37281C603F008BA080 /* XylowayTests */ = {
			isa = PBXNativeTarget;
			buildConfigurationList = CF51DD4F281C603F008BA080 /* Build configuration list for PBXNativeTarget "XylowayTests" */;
			buildPhases = (
				CF51DD34281C603F008BA080 /* Sources */,
				CF51DD35281C603F008BA080 /* Frameworks */,
				CF51DD36281C603F008BA080 /* Resources */,
			);
			buildRules = (
			);
			dependencies = (
				CF51DD3A281C603F008BA080 /* PBXTargetDependency */,
			);
			name = XylowayTests;
			productName = XylowayTests;
			productReference = CF51DD38281C603F008BA080 /* XylowayTests.xctest */;
			productType = "com.apple.product-type.bundle.unit-test";
		};
		CF51DD41281C603F008BA080 /* XylowayUITests */ = {
			isa = PBXNativeTarget;
			buildConfigurationList = CF51DD52281C603F008BA080 /* Build configuration list for PBXNativeTarget "XylowayUITests" */;
			buildPhases = (
				CF51DD3E281C603F008BA080 /* Sources */,
				CF51DD3F281C603F008BA080 /* Frameworks */,
				CF51DD40281C603F008BA080 /* Resources */,
			);
			buildRules = (
			);
			dependencies = (
				CF51DD44281C603F008BA080 /* PBXTargetDependency */,
			);
			name = XylowayUITests;
			productName = XylowayUITests;
			productReference = CF51DD42281C603F008BA080 /* XylowayUITests.xctest */;
			productType = "com.apple.product-type.bundle.ui-testing";
		};
/* End PBXNativeTarget section */

/* Begin PBXProject section */
		CF51DD1A281C603E008BA080 /* Project object */ = {
			isa = PBXProject;
			attributes = {
				BuildIndependentTargetsInParallel = 1;
				LastSwiftUpdateCheck = 1330;
				LastUpgradeCheck = 1330;
				TargetAttributes = {
					CF51DD21281C603E008BA080 = {
						CreatedOnToolsVersion = 13.3;
					};
					CF51DD37281C603F008BA080 = {
						CreatedOnToolsVersion = 13.3;
						TestTargetID = CF51DD21281C603E008BA080;
					};
					CF51DD41281C603F008BA080 = {
						CreatedOnToolsVersion = 13.3;
						TestTargetID = CF51DD21281C603E008BA080;
					};
				};
			};
			buildConfigurationList = CF51DD1D281C603E008BA080 /* Build configuration list for PBXProject "Xyloway" */;
			compatibilityVersion = "Xcode 13.0";
			developmentRegion = en;
			hasScannedForEncodings = 0;
			knownRegions = (
				en,
				Base,
			);
			mainGroup = CF51DD19281C603E008BA080;
			productRefGroup = CF51DD23281C603E008BA080 /* Products */;
			projectDirPath = "";
			projectRoot = "";
			targets = (
				CF51DD21281C603E008BA080 /* Xyloway */,
				CF51DD37281C603F008BA080 /* XylowayTests */,
				CF51DD41281C603F008BA080 /* XylowayUITests */,
			);
		};
/* End PBXProject section */

/* Begin PBXResourcesBuildPhase section */
		CF51DD20281C603E008BA080 /* Resources */ = {
			isa = PBXResourcesBuildPhase;
			buildActionMask = 2147483647;
			files = (
				CF51DD72281C64E6008BA080 /* Neptune.wav in Resources */,
				CF51DD73281C64E6008BA080 /* Mercury.wav in Resources */,
				CF51DD32281C603F008BA080 /* LaunchScreen.storyboard in Resources */,
				CF51DD77281C64E6008BA080 /* Uranus.wav in Resources */,
				CF51DD74281C64E6008BA080 /* Saturn.wav in Resources */,
				CF51DD75281C64E6008BA080 /* Mars.wav in Resources */,
				CF51DD2F281C603F008BA080 /* Assets.xcassets in Resources */,
				CF51DD76281C64E6008BA080 /* Jupiter.wav in Resources */,
				CF51DD70281C64E6008BA080 /* Venus.wav in Resources */,
				CF51DD2D281C603E008BA080 /* Main.storyboard in Resources */,
				CF51DD71281C64E6008BA080 /* Earth.wav in Resources */,
			);
			runOnlyForDeploymentPostprocessing = 0;
		};
		CF51DD36281C603F008BA080 /* Resources */ = {
			isa = PBXResourcesBuildPhase;
			buildActionMask = 2147483647;
			files = (
			);
			runOnlyForDeploymentPostprocessing = 0;
		};
		CF51DD40281C603F008BA080 /* Resources */ = {
			isa = PBXResourcesBuildPhase;
			buildActionMask = 2147483647;
			files = (
			);
			runOnlyForDeploymentPostprocessing = 0;
		};
/* End PBXResourcesBuildPhase section */

/* Begin PBXSourcesBuildPhase section */
		CF51DD1E281C603E008BA080 /* Sources */ = {
			isa = PBXSourcesBuildPhase;
			buildActionMask = 2147483647;
			files = (
				CF51DD2A281C603E008BA080 /* ViewController.swift in Sources */,
				CF51DD26281C603E008BA080 /* AppDelegate.swift in Sources */,
				CF51DD28281C603E008BA080 /* SceneDelegate.swift in Sources */,
			);
			runOnlyForDeploymentPostprocessing = 0;
		};
		CF51DD34281C603F008BA080 /* Sources */ = {
			isa = PBXSourcesBuildPhase;
			buildActionMask = 2147483647;
			files = (
			);
			runOnlyForDeploymentPostprocessing = 0;
		};
		CF51DD3E281C603F008BA080 /* Sources */ = {
			isa = PBXSourcesBuildPhase;
			buildActionMask = 2147483647;
			files = (
			);
			runOnlyForDeploymentPostprocessing = 0;
		};
/* End PBXSourcesBuildPhase section */

/* Begin PBXTargetDependency section */
		CF51DD3A281C603F008BA080 /* PBXTargetDependency */ = {
			isa = PBXTargetDependency;
			target = CF51DD21281C603E008BA080 /* Xyloway */;
			targetProxy = CF51DD39281C603F008BA080 /* PBXContainerItemProxy */;
		};
		CF51DD44281C603F008BA080 /* PBXTargetDependency */ = {
			isa = PBXTargetDependency;
			target = CF51DD21281C603E008BA080 /* Xyloway */;
			targetProxy = CF51DD43281C603F008BA080 /* PBXContainerItemProxy */;
		};
/* End PBXTargetDependency section */

/* Begin PBXVariantGroup section */
		CF51DD2B281C603E008BA080 /* Main.storyboard */ = {
			isa = PBXVariantGroup;
			children = (
				CF51DD2C281C603E008BA080 /* Base */,
			);
			name = Main.storyboard;
			sourceTree = "<group>";
		};
		CF51DD30281C603F008BA080 /* LaunchScreen.storyboard */ = {
			isa = PBXVariantGroup;
			children = (
				CF51DD31281C603F008BA080 /* Base */,
			);
			name = LaunchScreen.storyboard;
			sourceTree = "<group>";
		};
/* End PBXVariantGroup section */

/* Begin XCBuildConfiguration section */
		CF51DD4A281C603F008BA080 /* Debug */ = {
			isa = XCBuildConfiguration;
			buildSettings = {
				ALWAYS_SEARCH_USER_PATHS = NO;
				CLANG_ANALYZER_NONNULL = YES;
				CLANG_ANALYZER_NUMBER_OBJECT_CONVERSION = YES_AGGRESSIVE;
				CLANG_CXX_LANGUAGE_STANDARD = "gnu++17";
				CLANG_ENABLE_MODULES = YES;
				CLANG_ENABLE_OBJC_ARC = YES;
				CLANG_ENABLE_OBJC_WEAK = YES;
				CLANG_WARN_BLOCK_CAPTURE_AUTORELEASING = YES;
				CLANG_WARN_BOOL_CONVERSION = YES;
				CLANG_WARN_COMMA = YES;
				CLANG_WARN_CONSTANT_CONVERSION = YES;
				CLANG_WARN_DEPRECATED_OBJC_IMPLEMENTATIONS = YES;
				CLANG_WARN_DIRECT_OBJC_ISA_USAGE = YES_ERROR;
				CLANG_WARN_DOCUMENTATION_COMMENTS = YES;
				CLANG_WARN_EMPTY_BODY = YES;
				CLANG_WARN_ENUM_CONVERSION = YES;
				CLANG_WARN_INFINITE_RECURSION = YES;
				CLANG_WARN_INT_CONVERSION = YES;
				CLANG_WARN_NON_LITERAL_NULL_CONVERSION = YES;
				CLANG_WARN_OBJC_IMPLICIT_RETAIN_SELF = YES;
				CLANG_WARN_OBJC_LITERAL_CONVERSION = YES;
				CLANG_WARN_OBJC_ROOT_CLASS = YES_ERROR;
				CLANG_WARN_QUOTED_INCLUDE_IN_FRAMEWORK_HEADER = YES;
				CLANG_WARN_RANGE_LOOP_ANALYSIS = YES;
				CLANG_WARN_STRICT_PROTOTYPES = YES;
				CLANG_WARN_SUSPICIOUS_MOVE = YES;
				CLANG_WARN_UNGUARDED_AVAILABILITY = YES_AGGRESSIVE;
				CLANG_WARN_UNREACHABLE_CODE = YES;
				CLANG_WARN__DUPLICATE_METHOD_MATCH = YES;
				COPY_PHASE_STRIP = NO;
				DEBUG_INFORMATION_FORMAT = dwarf;
				ENABLE_STRICT_OBJC_MSGSEND = YES;
				ENABLE_TESTABILITY = YES;
				GCC_C_LANGUAGE_STANDARD = gnu11;
				GCC_DYNAMIC_NO_PIC = NO;
				GCC_NO_COMMON_BLOCKS = YES;
				GCC_OPTIMIZATION_LEVEL = 0;
				GCC_PREPROCESSOR_DEFINITIONS = (
					"DEBUG=1",
					"$(inherited)",
				);
				GCC_WARN_64_TO_32_BIT_CONVERSION = YES;
				GCC_WARN_ABOUT_RETURN_TYPE = YES_ERROR;
				GCC_WARN_UNDECLARED_SELECTOR = YES;
				GCC_WARN_UNINITIALIZED_AUTOS = YES_AGGRESSIVE;
				GCC_WARN_UNUSED_FUNCTION = YES;
				GCC_WARN_UNUSED_VARIABLE = YES;
				IPHONEOS_DEPLOYMENT_TARGET = 15.4;
				MTL_ENABLE_DEBUG_INFO = INCLUDE_SOURCE;
				MTL_FAST_MATH = YES;
				ONLY_ACTIVE_ARCH = YES;
				SDKROOT = iphoneos;
				SWIFT_ACTIVE_COMPILATION_CONDITIONS = DEBUG;
				SWIFT_OPTIMIZATION_LEVEL = "-Onone";
			};
			name = Debug;
		};
		CF51DD4B281C603F008BA080 /* Release */ = {
			isa = XCBuildConfiguration;
			buildSettings = {
				ALWAYS_SEARCH_USER_PATHS = NO;
				CLANG_ANALYZER_NONNULL = YES;
				CLANG_ANALYZER_NUMBER_OBJECT_CONVERSION = YES_AGGRESSIVE;
				CLANG_CXX_LANGUAGE_STANDARD = "gnu++17";
				CLANG_ENABLE_MODULES = YES;
				CLANG_ENABLE_OBJC_ARC = YES;
				CLANG_ENABLE_OBJC_WEAK = YES;
				CLANG_WARN_BLOCK_CAPTURE_AUTORELEASING = YES;
				CLANG_WARN_BOOL_CONVERSION = YES;
				CLANG_WARN_COMMA = YES;
				CLANG_WARN_CONSTANT_CONVERSION = YES;
				CLANG_WARN_DEPRECATED_OBJC_IMPLEMENTATIONS = YES;
				CLANG_WARN_DIRECT_OBJC_ISA_USAGE = YES_ERROR;
				CLANG_WARN_DOCUMENTATION_COMMENTS = YES;
				CLANG_WARN_EMPTY_BODY = YES;
				CLANG_WARN_ENUM_CONVERSION = YES;
				CLANG_WARN_INFINITE_RECURSION = YES;
				CLANG_WARN_INT_CONVERSION = YES;
				CLANG_WARN_NON_LITERAL_NULL_CONVERSION = YES;
				CLANG_WARN_OBJC_IMPLICIT_RETAIN_SELF = YES;
				CLANG_WARN_OBJC_LITERAL_CONVERSION = YES;
				CLANG_WARN_OBJC_ROOT_CLASS = YES_ERROR;
				CLANG_WARN_QUOTED_INCLUDE_IN_FRAMEWORK_HEADER = YES;
				CLANG_WARN_RANGE_LOOP_ANALYSIS = YES;
				CLANG_WARN_STRICT_PROTOTYPES = YES;
				CLANG_WARN_SUSPICIOUS_MOVE = YES;
				CLANG_WARN_UNGUARDED_AVAILABILITY = YES_AGGRESSIVE;
				CLANG_WARN_UNREACHABLE_CODE = YES;
				CLANG_WARN__DUPLICATE_METHOD_MATCH = YES;
				COPY_PHASE_STRIP = NO;
				DEBUG_INFORMATION_FORMAT = "dwarf-with-dsym";
				ENABLE_NS_ASSERTIONS = NO;
				ENABLE_STRICT_OBJC_MSGSEND = YES;
				GCC_C_LANGUAGE_STANDARD = gnu11;
				GCC_NO_COMMON_BLOCKS = YES;
				GCC_WARN_64_TO_32_BIT_CONVERSION = YES;
				GCC_WARN_ABOUT_RETURN_TYPE = YES_ERROR;
				GCC_WARN_UNDECLARED_SELECTOR = YES;
				GCC_WARN_UNINITIALIZED_AUTOS = YES_AGGRESSIVE;
				GCC_WARN_UNUSED_FUNCTION = YES;
				GCC_WARN_UNUSED_VARIABLE = YES;
				IPHONEOS_DEPLOYMENT_TARGET = 15.4;
				MTL_ENABLE_DEBUG_INFO = NO;
				MTL_FAST_MATH = YES;
				SDKROOT = iphoneos;
				SWIFT_COMPILATION_MODE = wholemodule;
				SWIFT_OPTIMIZATION_LEVEL = "-O";
				VALIDATE_PRODUCT = YES;
			};
			name = Release;
		};
		CF51DD4D281C603F008BA080 /* Debug */ = {
			isa = XCBuildConfiguration;
			buildSettings = {
				ASSETCATALOG_COMPILER_APPICON_NAME = AppIcon;
				ASSETCATALOG_COMPILER_GLOBAL_ACCENT_COLOR_NAME = AccentColor;
				CODE_SIGN_STYLE = Automatic;
				CURRENT_PROJECT_VERSION = 1;
				DEVELOPMENT_TEAM = R3FP43K75Q;
				GENERATE_INFOPLIST_FILE = YES;
				INFOPLIST_FILE = Xyloway/Info.plist;
				INFOPLIST_KEY_UIApplicationSupportsIndirectInputEvents = YES;
				INFOPLIST_KEY_UILaunchStoryboardName = LaunchScreen;
				INFOPLIST_KEY_UIMainStoryboardFile = Main;
				INFOPLIST_KEY_UIStatusBarHidden = NO;
				INFOPLIST_KEY_UISupportedInterfaceOrientations = UIInterfaceOrientationLandscapeLeft;
				INFOPLIST_KEY_UISupportedInterfaceOrientations_iPad = "UIInterfaceOrientationPortrait UIInterfaceOrientationPortraitUpsideDown UIInterfaceOrientationLandscapeLeft UIInterfaceOrientationLandscapeRight";
				INFOPLIST_KEY_UISupportedInterfaceOrientations_iPhone = "UIInterfaceOrientationPortrait UIInterfaceOrientationLandscapeLeft UIInterfaceOrientationLandscapeRight";
				IPHONEOS_DEPLOYMENT_TARGET = 14.0;
				LD_RUNPATH_SEARCH_PATHS = (
					"$(inherited)",
					"@executable_path/Frameworks",
				);
				MARKETING_VERSION = 1.0;
				PRODUCT_BUNDLE_IDENTIFIER = Nyade.Xyloway;
				PRODUCT_NAME = "$(TARGET_NAME)";
				SWIFT_EMIT_LOC_STRINGS = YES;
				SWIFT_VERSION = 5.0;
				TARGETED_DEVICE_FAMILY = 1;
			};
			name = Debug;
		};
		CF51DD4E281C603F008BA080 /* Release */ = {
			isa = XCBuildConfiguration;
			buildSettings = {
				ASSETCATALOG_COMPILER_APPICON_NAME = AppIcon;
				ASSETCATALOG_COMPILER_GLOBAL_ACCENT_COLOR_NAME = AccentColor;
				CODE_SIGN_STYLE = Automatic;
				CURRENT_PROJECT_VERSION = 1;
				DEVELOPMENT_TEAM = R3FP43K75Q;
				GENERATE_INFOPLIST_FILE = YES;
				INFOPLIST_FILE = Xyloway/Info.plist;
				INFOPLIST_KEY_UIApplicationSupportsIndirectInputEvents = YES;
				INFOPLIST_KEY_UILaunchStoryboardName = LaunchScreen;
				INFOPLIST_KEY_UIMainStoryboardFile = Main;
				INFOPLIST_KEY_UIStatusBarHidden = NO;
				INFOPLIST_KEY_UISupportedInterfaceOrientations = UIInterfaceOrientationLandscapeLeft;
				INFOPLIST_KEY_UISupportedInterfaceOrientations_iPad = "UIInterfaceOrientationPortrait UIInterfaceOrientationPortraitUpsideDown UIInterfaceOrientationLandscapeLeft UIInterfaceOrientationLandscapeRight";
				INFOPLIST_KEY_UISupportedInterfaceOrientations_iPhone = "UIInterfaceOrientationPortrait UIInterfaceOrientationLandscapeLeft UIInterfaceOrientationLandscapeRight";
				IPHONEOS_DEPLOYMENT_TARGET = 14.0;
				LD_RUNPATH_SEARCH_PATHS = (
					"$(inherited)",
					"@executable_path/Frameworks",
				);
				MARKETING_VERSION = 1.0;
				PRODUCT_BUNDLE_IDENTIFIER = Nyade.Xyloway;
				PRODUCT_NAME = "$(TARGET_NAME)";
				SWIFT_EMIT_LOC_STRINGS = YES;
				SWIFT_VERSION = 5.0;
				TARGETED_DEVICE_FAMILY = 1;
			};
			name = Release;
		};
		CF51DD50281C603F008BA080 /* Debug */ = {
			isa = XCBuildConfiguration;
			buildSettings = {
				ALWAYS_EMBED_SWIFT_STANDARD_LIBRARIES = YES;
				BUNDLE_LOADER = "$(TEST_HOST)";
				CODE_SIGN_STYLE = Automatic;
				CURRENT_PROJECT_VERSION = 1;
				DEVELOPMENT_TEAM = R3FP43K75Q;
				GENERATE_INFOPLIST_FILE = YES;
				IPHONEOS_DEPLOYMENT_TARGET = 15.4;
				MARKETING_VERSION = 1.0;
				PRODUCT_BUNDLE_IDENTIFIER = Nyade.XylowayTests;
				PRODUCT_NAME = "$(TARGET_NAME)";
				SWIFT_EMIT_LOC_STRINGS = NO;
				SWIFT_VERSION = 5.0;
				TARGETED_DEVICE_FAMILY = "1,2";
				TEST_HOST = "$(BUILT_PRODUCTS_DIR)/Xyloway.app/Xyloway";
			};
			name = Debug;
		};
		CF51DD51281C603F008BA080 /* Release */ = {
			isa = XCBuildConfiguration;
			buildSettings = {
				ALWAYS_EMBED_SWIFT_STANDARD_LIBRARIES = YES;
				BUNDLE_LOADER = "$(TEST_HOST)";
				CODE_SIGN_STYLE = Automatic;
				CURRENT_PROJECT_VERSION = 1;
				DEVELOPMENT_TEAM = R3FP43K75Q;
				GENERATE_INFOPLIST_FILE = YES;
				IPHONEOS_DEPLOYMENT_TARGET = 15.4;
				MARKETING_VERSION = 1.0;
				PRODUCT_BUNDLE_IDENTIFIER = Nyade.XylowayTests;
				PRODUCT_NAME = "$(TARGET_NAME)";
				SWIFT_EMIT_LOC_STRINGS = NO;
				SWIFT_VERSION = 5.0;
				TARGETED_DEVICE_FAMILY = "1,2";
				TEST_HOST = "$(BUILT_PRODUCTS_DIR)/Xyloway.app/Xyloway";
			};
			name = Release;
		};
		CF51DD53281C603F008BA080 /* Debug */ = {
			isa = XCBuildConfiguration;
			buildSettings = {
				ALWAYS_EMBED_SWIFT_STANDARD_LIBRARIES = YES;
				CODE_SIGN_STYLE = Automatic;
				CURRENT_PROJECT_VERSION = 1;
				DEVELOPMENT_TEAM = R3FP43K75Q;
				GENERATE_INFOPLIST_FILE = YES;
				MARKETING_VERSION = 1.0;
				PRODUCT_BUNDLE_IDENTIFIER = Nyade.XylowayUITests;
				PRODUCT_NAME = "$(TARGET_NAME)";
				SWIFT_EMIT_LOC_STRINGS = NO;
				SWIFT_VERSION = 5.0;
				TARGETED_DEVICE_FAMILY = "1,2";
				TEST_TARGET_NAME = Xyloway;
			};
			name = Debug;
		};
		CF51DD54281C603F008BA080 /* Release */ = {
			isa = XCBuildConfiguration;
			buildSettings = {
				ALWAYS_EMBED_SWIFT_STANDARD_LIBRARIES = YES;
				CODE_SIGN_STYLE = Automatic;
				CURRENT_PROJECT_VERSION = 1;
				DEVELOPMENT_TEAM = R3FP43K75Q;
				GENERATE_INFOPLIST_FILE = YES;
				MARKETING_VERSION = 1.0;
				PRODUCT_BUNDLE_IDENTIFIER = Nyade.XylowayUITests;
				PRODUCT_NAME = "$(TARGET_NAME)";
				SWIFT_EMIT_LOC_STRINGS = NO;
				SWIFT_VERSION = 5.0;
				TARGETED_DEVICE_FAMILY = "1,2";
				TEST_TARGET_NAME = Xyloway;
			};
			name = Release;
		};
/* End XCBuildConfiguration section */

/* Begin XCConfigurationList section */
		CF51DD1D281C603E008BA080 /* Build configuration list for PBXProject "Xyloway" */ = {
			isa = XCConfigurationList;
			buildConfigurations = (
				CF51DD4A281C603F008BA080 /* Debug */,
				CF51DD4B281C603F008BA080 /* Release */,
			);
			defaultConfigurationIsVisible = 0;
			defaultConfigurationName = Release;
		};
		CF51DD4C281C603F008BA080 /* Build configuration list for PBXNativeTarget "Xyloway" */ = {
			isa = XCConfigurationList;
			buildConfigurations = (
				CF51DD4D281C603F008BA080 /* Debug */,
				CF51DD4E281C603F008BA080 /* Release */,
			);
			defaultConfigurationIsVisible = 0;
			defaultConfigurationName = Release;
		};
		CF51DD4F281C603F008BA080 /* Build configuration list for PBXNativeTarget "XylowayTests" */ = {
			isa = XCConfigurationList;
			buildConfigurations = (
				CF51DD50281C603F008BA080 /* Debug */,
				CF51DD51281C603F008BA080 /* Release */,
			);
			defaultConfigurationIsVisible = 0;
			defaultConfigurationName = Release;
		};
		CF51DD52281C603F008BA080 /* Build configuration list for PBXNativeTarget "XylowayUITests" */ = {
			isa = XCConfigurationList;
			buildConfigurations = (
				CF51DD53281C603F008BA080 /* Debug */,
				CF51DD54281C603F008BA080 /* Release */,
			);
			defaultConfigurationIsVisible = 0;
			defaultConfigurationName = Release;
		};
/* End XCConfigurationList section */
	};
	rootObject = CF51DD1A281C603E008BA080 /* Project object */;
}
